// !$*UTF8*$!
{
	archiveVersion = 1;
	classes = {
	};
	objectVersion = 46;
	objects = {

/* Begin PBXBuildFile section */
		EA2A970D1E730C9C00F5345E /* circus_long.mp3 in Resources */ = {isa = PBXBuildFile; fileRef = EA2A970C1E730C9C00F5345E /* circus_long.mp3 */; };
		EA2A970F1E730F2700F5345E /* sadSound.mp3 in Resources */ = {isa = PBXBuildFile; fileRef = EA2A970E1E730F2700F5345E /* sadSound.mp3 */; };
		EA2A97111E73139800F5345E /* crowd.mp3 in Resources */ = {isa = PBXBuildFile; fileRef = EA2A97101E73139800F5345E /* crowd.mp3 */; };
		EA45041B1E6C1AE70047D045 /* Maria.m4v in Resources */ = {isa = PBXBuildFile; fileRef = EA45041A1E6C1AE70047D045 /* Maria.m4v */; };
		EA77079B1E61A94800B5A862 /* circusSong.mp3 in Resources */ = {isa = PBXBuildFile; fileRef = EA77079A1E61A94800B5A862 /* circusSong.mp3 */; };
		EA9714031E3CF32A0049719D /* Framework in Resources */ = {isa = PBXBuildFile; fileRef = EA9714021E3CF32A0049719D /* Framework */; };
		EA9714131E3CF33E0049719D /* Base.lproj in Resources */ = {isa = PBXBuildFile; fileRef = EA9714041E3CF33E0049719D /* Base.lproj */; };
		EA9714141E3CF33E0049719D /* KwPack in Resources */ = {isa = PBXBuildFile; fileRef = EA9714051E3CF33E0049719D /* KwPack */; };
		EA9714151E3CF33E0049719D /* VcChoice.swift in Sources */ = {isa = PBXBuildFile; fileRef = EA9714061E3CF33E0049719D /* VcChoice.swift */; };
		EA9714161E3CF33E0049719D /* VcUpper.swift in Sources */ = {isa = PBXBuildFile; fileRef = EA9714071E3CF33E0049719D /* VcUpper.swift */; };
		EA9714171E3CF33E0049719D /* Main.storyboard in Resources */ = {isa = PBXBuildFile; fileRef = EA9714081E3CF33E0049719D /* Main.storyboard */; };
		EA9714181E3CF33E0049719D /* VcStart.swift in Sources */ = {isa = PBXBuildFile; fileRef = EA9714091E3CF33E0049719D /* VcStart.swift */; };
		EA9714191E3CF33E0049719D /* Primary.storyboard in Resources */ = {isa = PBXBuildFile; fileRef = EA97140A1E3CF33E0049719D /* Primary.storyboard */; };
		EA97141A1E3CF33E0049719D /* Assets.xcassets in Resources */ = {isa = PBXBuildFile; fileRef = EA97140B1E3CF33E0049719D /* Assets.xcassets */; };
		EA97141C1E3CF33E0049719D /* User.swift in Sources */ = {isa = PBXBuildFile; fileRef = EA97140D1E3CF33E0049719D /* User.swift */; };
		EA97141D1E3CF33E0049719D /* VcDice.swift in Sources */ = {isa = PBXBuildFile; fileRef = EA97140E1E3CF33E0049719D /* VcDice.swift */; };
		EA97141F1E3CF33E0049719D /* VcPrimary.swift in Sources */ = {isa = PBXBuildFile; fileRef = EA9714101E3CF33E0049719D /* VcPrimary.swift */; };
		EA9714201E3CF33E0049719D /* VcSingleChoice.swift in Sources */ = {isa = PBXBuildFile; fileRef = EA9714111E3CF33E0049719D /* VcSingleChoice.swift */; };
		EA9714211E3CF33E0049719D /* VcTest.swift in Sources */ = {isa = PBXBuildFile; fileRef = EA9714121E3CF33E0049719D /* VcTest.swift */; };
		EA9714341E3CF4280049719D /* Buttons.swift in Sources */ = {isa = PBXBuildFile; fileRef = EA9714311E3CF4280049719D /* Buttons.swift */; };
		EA9714351E3CF4280049719D /* Colors.swift in Sources */ = {isa = PBXBuildFile; fileRef = EA9714321E3CF4280049719D /* Colors.swift */; };
		EA9714361E3CF4280049719D /* KwPack.swift in Sources */ = {isa = PBXBuildFile; fileRef = EA9714331E3CF4280049719D /* KwPack.swift */; };
		EA97143B1E3CF4520049719D /* CustomYatzy.swift in Sources */ = {isa = PBXBuildFile; fileRef = EA9714381E3CF4520049719D /* CustomYatzy.swift */; };
		EA97143C1E3CF4520049719D /* PermStore.swift in Sources */ = {isa = PBXBuildFile; fileRef = EA9714391E3CF4520049719D /* PermStore.swift */; };
		EA97143D1E3CF4520049719D /* TagConvert.swift in Sources */ = {isa = PBXBuildFile; fileRef = EA97143A1E3CF4520049719D /* TagConvert.swift */; };
		EAA7CBFA1E43A89D00FC0852 /* AVFoundation.framework in Frameworks */ = {isa = PBXBuildFile; fileRef = EAA7CBF91E43A89D00FC0852 /* AVFoundation.framework */; };
		EAA7CC001E43A92700FC0852 /* pianoSound.mp3 in Resources */ = {isa = PBXBuildFile; fileRef = EAA7CBFF1E43A92700FC0852 /* pianoSound.mp3 */; };
		EAF48F901E3CF50F0018EC38 /* AppDelegate.swift in Sources */ = {isa = PBXBuildFile; fileRef = EAF48F8F1E3CF50F0018EC38 /* AppDelegate.swift */; };
		EAF48F921E3FB3E00018EC38 /* VcMedia.swift in Sources */ = {isa = PBXBuildFile; fileRef = EAF48F911E3FB3E00018EC38 /* VcMedia.swift */; };
/* End PBXBuildFile section */

/* Begin PBXFileReference section */
		EA2A970C1E730C9C00F5345E /* circus_long.mp3 */ = {isa = PBXFileReference; lastKnownFileType = audio.mp3; path = circus_long.mp3; sourceTree = "<group>"; };
		EA2A970E1E730F2700F5345E /* sadSound.mp3 */ = {isa = PBXFileReference; lastKnownFileType = audio.mp3; path = sadSound.mp3; sourceTree = "<group>"; };
		EA2A97101E73139800F5345E /* crowd.mp3 */ = {isa = PBXFileReference; lastKnownFileType = audio.mp3; path = crowd.mp3; sourceTree = "<group>"; };
		EA45041A1E6C1AE70047D045 /* Maria.m4v */ = {isa = PBXFileReference; lastKnownFileType = file; path = Maria.m4v; sourceTree = "<group>"; };
		EA77079A1E61A94800B5A862 /* circusSong.mp3 */ = {isa = PBXFileReference; lastKnownFileType = audio.mp3; path = circusSong.mp3; sourceTree = "<group>"; };
		EA9714021E3CF32A0049719D /* Framework */ = {isa = PBXFileReference; lastKnownFileType = folder; path = Framework; sourceTree = "<group>"; };
		EA9714041E3CF33E0049719D /* Base.lproj */ = {isa = PBXFileReference; lastKnownFileType = folder; path = Base.lproj; sourceTree = "<group>"; };
		EA9714051E3CF33E0049719D /* KwPack */ = {isa = PBXFileReference; lastKnownFileType = folder; path = KwPack; sourceTree = "<group>"; };
		EA9714061E3CF33E0049719D /* VcChoice.swift */ = {isa = PBXFileReference; fileEncoding = 4; lastKnownFileType = sourcecode.swift; path = VcChoice.swift; sourceTree = "<group>"; };
		EA9714071E3CF33E0049719D /* VcUpper.swift */ = {isa = PBXFileReference; fileEncoding = 4; lastKnownFileType = sourcecode.swift; path = VcUpper.swift; sourceTree = "<group>"; };
		EA9714081E3CF33E0049719D /* Main.storyboard */ = {isa = PBXFileReference; fileEncoding = 4; lastKnownFileType = file.storyboard; path = Main.storyboard; sourceTree = "<group>"; };
		EA9714091E3CF33E0049719D /* VcStart.swift */ = {isa = PBXFileReference; fileEncoding = 4; lastKnownFileType = sourcecode.swift; path = VcStart.swift; sourceTree = "<group>"; };
		EA97140A1E3CF33E0049719D /* Primary.storyboard */ = {isa = PBXFileReference; fileEncoding = 4; lastKnownFileType = file.storyboard; path = Primary.storyboard; sourceTree = "<group>"; };
		EA97140B1E3CF33E0049719D /* Assets.xcassets */ = {isa = PBXFileReference; lastKnownFileType = folder.assetcatalog; path = Assets.xcassets; sourceTree = "<group>"; };
		EA97140C1E3CF33E0049719D /* Info.plist */ = {isa = PBXFileReference; fileEncoding = 4; lastKnownFileType = text.plist.xml; path = Info.plist; sourceTree = "<group>"; };
		EA97140D1E3CF33E0049719D /* User.swift */ = {isa = PBXFileReference; fileEncoding = 4; lastKnownFileType = sourcecode.swift; path = User.swift; sourceTree = "<group>"; };
		EA97140E1E3CF33E0049719D /* VcDice.swift */ = {isa = PBXFileReference; fileEncoding = 4; lastKnownFileType = sourcecode.swift; path = VcDice.swift; sourceTree = "<group>"; };
		EA9714101E3CF33E0049719D /* VcPrimary.swift */ = {isa = PBXFileReference; fileEncoding = 4; lastKnownFileType = sourcecode.swift; path = VcPrimary.swift; sourceTree = "<group>"; };
		EA9714111E3CF33E0049719D /* VcSingleChoice.swift */ = {isa = PBXFileReference; fileEncoding = 4; lastKnownFileType = sourcecode.swift; path = VcSingleChoice.swift; sourceTree = "<group>"; };
		EA9714121E3CF33E0049719D /* VcTest.swift */ = {isa = PBXFileReference; fileEncoding = 4; lastKnownFileType = sourcecode.swift; path = VcTest.swift; sourceTree = "<group>"; };
		EA9714311E3CF4280049719D /* Buttons.swift */ = {isa = PBXFileReference; fileEncoding = 4; lastKnownFileType = sourcecode.swift; name = Buttons.swift; path = Framework/Buttons.swift; sourceTree = "<group>"; };
		EA9714321E3CF4280049719D /* Colors.swift */ = {isa = PBXFileReference; fileEncoding = 4; lastKnownFileType = sourcecode.swift; name = Colors.swift; path = Framework/Colors.swift; sourceTree = "<group>"; };
		EA9714331E3CF4280049719D /* KwPack.swift */ = {isa = PBXFileReference; fileEncoding = 4; lastKnownFileType = sourcecode.swift; name = KwPack.swift; path = Framework/KwPack.swift; sourceTree = "<group>"; };
		EA9714381E3CF4520049719D /* CustomYatzy.swift */ = {isa = PBXFileReference; fileEncoding = 4; lastKnownFileType = sourcecode.swift; name = CustomYatzy.swift; path = KwPack/CustomYatzy.swift; sourceTree = "<group>"; wrapsLines = 1; };
		EA9714391E3CF4520049719D /* PermStore.swift */ = {isa = PBXFileReference; fileEncoding = 4; lastKnownFileType = sourcecode.swift; name = PermStore.swift; path = KwPack/PermStore.swift; sourceTree = "<group>"; };
		EA97143A1E3CF4520049719D /* TagConvert.swift */ = {isa = PBXFileReference; fileEncoding = 4; lastKnownFileType = sourcecode.swift; name = TagConvert.swift; path = KwPack/TagConvert.swift; sourceTree = "<group>"; };
		EAA7CBF91E43A89D00FC0852 /* AVFoundation.framework */ = {isa = PBXFileReference; lastKnownFileType = wrapper.framework; name = AVFoundation.framework; path = System/Library/Frameworks/AVFoundation.framework; sourceTree = SDKROOT; };
		EAA7CBFF1E43A92700FC0852 /* pianoSound.mp3 */ = {isa = PBXFileReference; lastKnownFileType = audio.mp3; path = pianoSound.mp3; sourceTree = "<group>"; };
		EAAE281E1E3CF16F0031B982 /* Yatzy.app */ = {isa = PBXFileReference; explicitFileType = wrapper.application; includeInIndex = 0; path = Yatzy.app; sourceTree = BUILT_PRODUCTS_DIR; };
		EAF48F8F1E3CF50F0018EC38 /* AppDelegate.swift */ = {isa = PBXFileReference; fileEncoding = 4; lastKnownFileType = sourcecode.swift; path = AppDelegate.swift; sourceTree = "<group>"; };
		EAF48F911E3FB3E00018EC38 /* VcMedia.swift */ = {isa = PBXFileReference; fileEncoding = 4; lastKnownFileType = sourcecode.swift; path = VcMedia.swift; sourceTree = "<group>"; };
/* End PBXFileReference section */

/* Begin PBXFrameworksBuildPhase section */
		EAAE281B1E3CF16F0031B982 /* Frameworks */ = {
			isa = PBXFrameworksBuildPhase;
			buildActionMask = 2147483647;
			files = (
				EAA7CBFA1E43A89D00FC0852 /* AVFoundation.framework in Frameworks */,
			);
			runOnlyForDeploymentPostprocessing = 0;
		};
/* End PBXFrameworksBuildPhase section */

/* Begin PBXGroup section */
		EA9714371E3CF4350049719D /* Framework */ = {
			isa = PBXGroup;
			children = (
				EA9714311E3CF4280049719D /* Buttons.swift */,
				EA9714321E3CF4280049719D /* Colors.swift */,
				EA9714331E3CF4280049719D /* KwPack.swift */,
			);
			name = Framework;
			sourceTree = "<group>";
		};
		EA97143E1E3CF45A0049719D /* Utillities */ = {
			isa = PBXGroup;
			children = (
				EA77079A1E61A94800B5A862 /* circusSong.mp3 */,
				EA2A97101E73139800F5345E /* crowd.mp3 */,
				EA2A970C1E730C9C00F5345E /* circus_long.mp3 */,
				EAA7CBFF1E43A92700FC0852 /* pianoSound.mp3 */,
				EA2A970E1E730F2700F5345E /* sadSound.mp3 */,
				EA45041A1E6C1AE70047D045 /* Maria.m4v */,
				EA9714381E3CF4520049719D /* CustomYatzy.swift */,
				EA9714391E3CF4520049719D /* PermStore.swift */,
				EA97143A1E3CF4520049719D /* TagConvert.swift */,
			);
			name = Utillities;
			sourceTree = "<group>";
		};
		EAA7CBF81E43A89C00FC0852 /* Frameworks */ = {
			isa = PBXGroup;
			children = (
				EAA7CBF91E43A89D00FC0852 /* AVFoundation.framework */,
			);
			name = Frameworks;
			sourceTree = "<group>";
		};
		EAAE28151E3CF16F0031B982 = {
			isa = PBXGroup;
			children = (
				EAAE28201E3CF16F0031B982 /* Yatzy */,
				EAAE281F1E3CF16F0031B982 /* Products */,
				EAA7CBF81E43A89C00FC0852 /* Frameworks */,
			);
			sourceTree = "<group>";
		};
		EAAE281F1E3CF16F0031B982 /* Products */ = {
			isa = PBXGroup;
			children = (
				EAAE281E1E3CF16F0031B982 /* Yatzy.app */,
			);
			name = Products;
			sourceTree = "<group>";
		};
		EAAE28201E3CF16F0031B982 /* Yatzy */ = {
			isa = PBXGroup;
			children = (
				EA9714041E3CF33E0049719D /* Base.lproj */,
				EA9714051E3CF33E0049719D /* KwPack */,
				EA9714021E3CF32A0049719D /* Framework */,
				EA9714371E3CF4350049719D /* Framework */,
				EA97143E1E3CF45A0049719D /* Utillities */,
				EA97140B1E3CF33E0049719D /* Assets.xcassets */,
				EA9714081E3CF33E0049719D /* Main.storyboard */,
				EA97140A1E3CF33E0049719D /* Primary.storyboard */,
				EA97140C1E3CF33E0049719D /* Info.plist */,
				EA97140D1E3CF33E0049719D /* User.swift */,
				EA97140E1E3CF33E0049719D /* VcDice.swift */,
				EA9714091E3CF33E0049719D /* VcStart.swift */,
				EA9714071E3CF33E0049719D /* VcUpper.swift */,
				EA9714061E3CF33E0049719D /* VcChoice.swift */,
				EA9714101E3CF33E0049719D /* VcPrimary.swift */,
				EA9714121E3CF33E0049719D /* VcTest.swift */,
				EA9714111E3CF33E0049719D /* VcSingleChoice.swift */,
				EAF48F8F1E3CF50F0018EC38 /* AppDelegate.swift */,
				EAF48F911E3FB3E00018EC38 /* VcMedia.swift */,
			);
			path = Yatzy;
			sourceTree = "<group>";
		};
/* End PBXGroup section */

/* Begin PBXNativeTarget section */
		EAAE281D1E3CF16F0031B982 /* Yatzy */ = {
			isa = PBXNativeTarget;
			buildConfigurationList = EAAE28301E3CF16F0031B982 /* Build configuration list for PBXNativeTarget "Yatzy" */;
			buildPhases = (
				EAAE281A1E3CF16F0031B982 /* Sources */,
				EAAE281B1E3CF16F0031B982 /* Frameworks */,
				EAAE281C1E3CF16F0031B982 /* Resources */,
			);
			buildRules = (
			);
			dependencies = (
			);
			name = Yatzy;
			productName = Yatzy;
			productReference = EAAE281E1E3CF16F0031B982 /* Yatzy.app */;
			productType = "com.apple.product-type.application";
		};
/* End PBXNativeTarget section */

/* Begin PBXProject section */
		EAAE28161E3CF16F0031B982 /* Project object */ = {
			isa = PBXProject;
			attributes = {
				LastSwiftUpdateCheck = 0820;
				LastUpgradeCheck = 0820;
				ORGANIZATIONNAME = "Keren Weinstein";
				TargetAttributes = {
					EAAE281D1E3CF16F0031B982 = {
						CreatedOnToolsVersion = 8.2.1;
						DevelopmentTeam = AFLGF4NJ57;
						LastSwiftMigration = 0820;
						ProvisioningStyle = Automatic;
					};
				};
			};
			buildConfigurationList = EAAE28191E3CF16F0031B982 /* Build configuration list for PBXProject "Yatzy" */;
			compatibilityVersion = "Xcode 3.2";
			developmentRegion = English;
			hasScannedForEncodings = 0;
			knownRegions = (
				en,
				Base,
			);
			mainGroup = EAAE28151E3CF16F0031B982;
			productRefGroup = EAAE281F1E3CF16F0031B982 /* Products */;
			projectDirPath = "";
			projectRoot = "";
			targets = (
				EAAE281D1E3CF16F0031B982 /* Yatzy */,
			);
		};
/* End PBXProject section */

/* Begin PBXResourcesBuildPhase section */
		EAAE281C1E3CF16F0031B982 /* Resources */ = {
			isa = PBXResourcesBuildPhase;
			buildActionMask = 2147483647;
			files = (
				EA9714191E3CF33E0049719D /* Primary.storyboard in Resources */,
				EA9714141E3CF33E0049719D /* KwPack in Resources */,
				EA9714131E3CF33E0049719D /* Base.lproj in Resources */,
				EAA7CC001E43A92700FC0852 /* pianoSound.mp3 in Resources */,
				EA77079B1E61A94800B5A862 /* circusSong.mp3 in Resources */,
				EA9714031E3CF32A0049719D /* Framework in Resources */,
				EA2A97111E73139800F5345E /* crowd.mp3 in Resources */,
				EA97141A1E3CF33E0049719D /* Assets.xcassets in Resources */,
				EA45041B1E6C1AE70047D045 /* Maria.m4v in Resources */,
				EA9714171E3CF33E0049719D /* Main.storyboard in Resources */,
				EA2A970D1E730C9C00F5345E /* circus_long.mp3 in Resources */,
				EA2A970F1E730F2700F5345E /* sadSound.mp3 in Resources */,
			);
			runOnlyForDeploymentPostprocessing = 0;
		};
/* End PBXResourcesBuildPhase section */

/* Begin PBXSourcesBuildPhase section */
		EAAE281A1E3CF16F0031B982 /* Sources */ = {
			isa = PBXSourcesBuildPhase;
			buildActionMask = 2147483647;
			files = (
				EA97143D1E3CF4520049719D /* TagConvert.swift in Sources */,
				EA97141C1E3CF33E0049719D /* User.swift in Sources */,
				EA9714351E3CF4280049719D /* Colors.swift in Sources */,
				EA97141D1E3CF33E0049719D /* VcDice.swift in Sources */,
				EAF48F921E3FB3E00018EC38 /* VcMedia.swift in Sources */,
				EA97143B1E3CF4520049719D /* CustomYatzy.swift in Sources */,
				EA9714361E3CF4280049719D /* KwPack.swift in Sources */,
				EA9714211E3CF33E0049719D /* VcTest.swift in Sources */,
				EAF48F901E3CF50F0018EC38 /* AppDelegate.swift in Sources */,
				EA97141F1E3CF33E0049719D /* VcPrimary.swift in Sources */,
				EA9714341E3CF4280049719D /* Buttons.swift in Sources */,
				EA97143C1E3CF4520049719D /* PermStore.swift in Sources */,
				EA9714181E3CF33E0049719D /* VcStart.swift in Sources */,
				EA9714201E3CF33E0049719D /* VcSingleChoice.swift in Sources */,
				EA9714151E3CF33E0049719D /* VcChoice.swift in Sources */,
				EA9714161E3CF33E0049719D /* VcUpper.swift in Sources */,
			);
			runOnlyForDeploymentPostprocessing = 0;
		};
/* End PBXSourcesBuildPhase section */

/* Begin XCBuildConfiguration section */
		EAAE282E1E3CF16F0031B982 /* Debug */ = {
			isa = XCBuildConfiguration;
			buildSettings = {
				ALWAYS_SEARCH_USER_PATHS = NO;
				CLANG_ANALYZER_NONNULL = YES;
				CLANG_CXX_LANGUAGE_STANDARD = "gnu++0x";
				CLANG_CXX_LIBRARY = "libc++";
				CLANG_ENABLE_MODULES = YES;
				CLANG_ENABLE_OBJC_ARC = YES;
				CLANG_WARN_BOOL_CONVERSION = YES;
				CLANG_WARN_CONSTANT_CONVERSION = YES;
				CLANG_WARN_DIRECT_OBJC_ISA_USAGE = YES_ERROR;
				CLANG_WARN_DOCUMENTATION_COMMENTS = YES;
				CLANG_WARN_EMPTY_BODY = YES;
				CLANG_WARN_ENUM_CONVERSION = YES;
				CLANG_WARN_INFINITE_RECURSION = YES;
				CLANG_WARN_INT_CONVERSION = YES;
				CLANG_WARN_OBJC_ROOT_CLASS = YES_ERROR;
				CLANG_WARN_SUSPICIOUS_MOVE = YES;
				CLANG_WARN_UNREACHABLE_CODE = YES;
				CLANG_WARN__DUPLICATE_METHOD_MATCH = YES;
				"CODE_SIGN_IDENTITY[sdk=iphoneos*]" = "iPhone Developer";
				COPY_PHASE_STRIP = NO;
				DEBUG_INFORMATION_FORMAT = dwarf;
				ENABLE_STRICT_OBJC_MSGSEND = YES;
				ENABLE_TESTABILITY = YES;
				GCC_C_LANGUAGE_STANDARD = gnu99;
				GCC_DYNAMIC_NO_PIC = NO;
				GCC_NO_COMMON_BLOCKS = YES;
				GCC_OPTIMIZATION_LEVEL = 0;
				GCC_PREPROCESSOR_DEFINITIONS = (
					"DEBUG=1",
					"$(inherited)",
				);
				GCC_WARN_64_TO_32_BIT_CONVERSION = YES;
				GCC_WARN_ABOUT_RETURN_TYPE = YES_ERROR;
				GCC_WARN_UNDECLARED_SELECTOR = YES;
				GCC_WARN_UNINITIALIZED_AUTOS = YES_AGGRESSIVE;
				GCC_WARN_UNUSED_FUNCTION = YES;
				GCC_WARN_UNUSED_VARIABLE = YES;
				IPHONEOS_DEPLOYMENT_TARGET = 10.2;
				MTL_ENABLE_DEBUG_INFO = YES;
				ONLY_ACTIVE_ARCH = YES;
				SDKROOT = iphoneos;
				SWIFT_ACTIVE_COMPILATION_CONDITIONS = DEBUG;
				SWIFT_OPTIMIZATION_LEVEL = "-Onone";
				TARGETED_DEVICE_FAMILY = "1,2";
			};
			name = Debug;
		};
		EAAE282F1E3CF16F0031B982 /* Release */ = {
			isa = XCBuildConfiguration;
			buildSettings = {
				ALWAYS_SEARCH_USER_PATHS = NO;
				CLANG_ANALYZER_NONNULL = YES;
				CLANG_CXX_LANGUAGE_STANDARD = "gnu++0x";
				CLANG_CXX_LIBRARY = "libc++";
				CLANG_ENABLE_MODULES = YES;
				CLANG_ENABLE_OBJC_ARC = YES;
				CLANG_WARN_BOOL_CONVERSION = YES;
				CLANG_WARN_CONSTANT_CONVERSION = YES;
				CLANG_WARN_DIRECT_OBJC_ISA_USAGE = YES_ERROR;
				CLANG_WARN_DOCUMENTATION_COMMENTS = YES;
				CLANG_WARN_EMPTY_BODY = YES;
				CLANG_WARN_ENUM_CONVERSION = YES;
				CLANG_WARN_INFINITE_RECURSION = YES;
				CLANG_WARN_INT_CONVERSION = YES;
				CLANG_WARN_OBJC_ROOT_CLASS = YES_ERROR;
				CLANG_WARN_SUSPICIOUS_MOVE = YES;
				CLANG_WARN_UNREACHABLE_CODE = YES;
				CLANG_WARN__DUPLICATE_METHOD_MATCH = YES;
				"CODE_SIGN_IDENTITY[sdk=iphoneos*]" = "iPhone Developer";
				COPY_PHASE_STRIP = NO;
				DEBUG_INFORMATION_FORMAT = "dwarf-with-dsym";
				ENABLE_NS_ASSERTIONS = NO;
				ENABLE_STRICT_OBJC_MSGSEND = YES;
				GCC_C_LANGUAGE_STANDARD = gnu99;
				GCC_NO_COMMON_BLOCKS = YES;
				GCC_WARN_64_TO_32_BIT_CONVERSION = YES;
				GCC_WARN_ABOUT_RETURN_TYPE = YES_ERROR;
				GCC_WARN_UNDECLARED_SELECTOR = YES;
				GCC_WARN_UNINITIALIZED_AUTOS = YES_AGGRESSIVE;
				GCC_WARN_UNUSED_FUNCTION = YES;
				GCC_WARN_UNUSED_VARIABLE = YES;
				IPHONEOS_DEPLOYMENT_TARGET = 10.2;
				MTL_ENABLE_DEBUG_INFO = NO;
				SDKROOT = iphoneos;
				SWIFT_OPTIMIZATION_LEVEL = "-Owholemodule";
				TARGETED_DEVICE_FAMILY = "1,2";
				VALIDATE_PRODUCT = YES;
			};
			name = Release;
		};
		EAAE28311E3CF16F0031B982 /* Debug */ = {
			isa = XCBuildConfiguration;
			buildSettings = {
				ASSETCATALOG_COMPILER_APPICON_NAME = AppIcon;
				CLANG_ENABLE_MODULES = YES;
				DEVELOPMENT_TEAM = AFLGF4NJ57;
				INFOPLIST_FILE = Yatzy/Info.plist;
				IPHONEOS_DEPLOYMENT_TARGET = 9.0;
				LD_RUNPATH_SEARCH_PATHS = "$(inherited) @executable_path/Frameworks";
				PRODUCT_BUNDLE_IDENTIFIER = com.kerenweinstein.Yatzy;
				PRODUCT_NAME = "$(TARGET_NAME)";
				SWIFT_OPTIMIZATION_LEVEL = "-Onone";
				SWIFT_VERSION = 3.0;
			};
			name = Debug;
		};
		EAAE28321E3CF16F0031B982 /* Release */ = {
			isa = XCBuildConfiguration;
			buildSettings = {
				ASSETCATALOG_COMPILER_APPICON_NAME = AppIcon;
				CLANG_ENABLE_MODULES = YES;
				DEVELOPMENT_TEAM = AFLGF4NJ57;
				INFOPLIST_FILE = Yatzy/Info.plist;
				IPHONEOS_DEPLOYMENT_TARGET = 9.0;
				LD_RUNPATH_SEARCH_PATHS = "$(inherited) @executable_path/Frameworks";
				PRODUCT_BUNDLE_IDENTIFIER = com.kerenweinstein.Yatzy;
				PRODUCT_NAME = "$(TARGET_NAME)";
				SWIFT_VERSION = 3.0;
			};
			name = Release;
		};
/* End XCBuildConfiguration section */

/* Begin XCConfigurationList section */
		EAAE28191E3CF16F0031B982 /* Build configuration list for PBXProject "Yatzy" */ = {
			isa = XCConfigurationList;
			buildConfigurations = (
				EAAE282E1E3CF16F0031B982 /* Debug */,
				EAAE282F1E3CF16F0031B982 /* Release */,
			);
			defaultConfigurationIsVisible = 0;
			defaultConfigurationName = Release;
		};
		EAAE28301E3CF16F0031B982 /* Build configuration list for PBXNativeTarget "Yatzy" */ = {
			isa = XCConfigurationList;
			buildConfigurations = (
				EAAE28311E3CF16F0031B982 /* Debug */,
				EAAE28321E3CF16F0031B982 /* Release */,
			);
			defaultConfigurationIsVisible = 0;
			defaultConfigurationName = Release;
		};
/* End XCConfigurationList section */
	};
	rootObject = EAAE28161E3CF16F0031B982 /* Project object */;
}
